
Microsoft Visual Studio Solution File, Format Version 12.00
# Visual Studio 2015
Project("{FAE04EC0-301F-11D3-BF4B-00C04F79EFBC}") = "atpSynthase_project", "atpSynthase_project.csproj", "{B3424E51-F562-D3AE-3B03-FE730CC1A024}"
EndProject
Project("{FAE04EC0-301F-11D3-BF4B-00C04F79EFBC}") = "atpSynthase_project.Editor", "atpSynthase_project.Editor.csproj", "{150A8DD8-FECC-7126-1C01-DB9D2BB54F4B}"
EndProject
Global
	GlobalSection(SolutionConfigurationPlatforms) = preSolution
		Debug|Any CPU = Debug|Any CPU
		Release|Any CPU = Release|Any CPU
	EndGlobalSection
	GlobalSection(ProjectConfigurationPlatforms) = postSolution
		{B3424E51-F562-D3AE-3B03-FE730CC1A024}.Debug|Any CPU.ActiveCfg = Debug|Any CPU
		{B3424E51-F562-D3AE-3B03-FE730CC1A024}.Debug|Any CPU.Build.0 = Debug|Any CPU
		{B3424E51-F562-D3AE-3B03-FE730CC1A024}.Release|Any CPU.ActiveCfg = Release|Any CPU
		{B3424E51-F562-D3AE-3B03-FE730CC1A024}.Release|Any CPU.Build.0 = Release|Any CPU
		{150A8DD8-FECC-7126-1C01-DB9D2BB54F4B}.Debug|Any CPU.ActiveCfg = Debug|Any CPU
		{150A8DD8-FECC-7126-1C01-DB9D2BB54F4B}.Debug|Any CPU.Build.0 = Debug|Any CPU
		{150A8DD8-FECC-7126-1C01-DB9D2BB54F4B}.Release|Any CPU.ActiveCfg = Release|Any CPU
		{150A8DD8-FECC-7126-1C01-DB9D2BB54F4B}.Release|Any CPU.Build.0 = Release|Any CPU
	EndGlobalSection
	GlobalSection(SolutionProperties) = preSolution
		HideSolutionNode = FALSE
	EndGlobalSection
EndGlobal
